
Microsoft Visual Studio Solution File, Format Version 12.00
# Visual Studio 15
VisualStudioVersion = 15.0.28307.1525
MinimumVisualStudioVersion = 10.0.40219.1
Project("{F184B08F-C81C-45F6-A57F-5ABD9991F28F}") = "EnvioEmailLWS", "EnvioEmailLWS\EnvioEmailLWS.vbproj", "{F8DB21AE-BCE0-4EA4-9BC5-E29FF66C2EF6}"
EndProject
Global
	GlobalSection(SolutionConfigurationPlatforms) = preSolution
		Debug|Any CPU = Debug|Any CPU
		Release|Any CPU = Release|Any CPU
	EndGlobalSection
	GlobalSection(ProjectConfigurationPlatforms) = postSolution
		{F8DB21AE-BCE0-4EA4-9BC5-E29FF66C2EF6}.Debug|Any CPU.ActiveCfg = Debug|Any CPU
		{F8DB21AE-BCE0-4EA4-9BC5-E29FF66C2EF6}.Debug|Any CPU.Build.0 = Debug|Any CPU
		{F8DB21AE-BCE0-4EA4-9BC5-E29FF66C2EF6}.Release|Any CPU.ActiveCfg = Release|Any CPU
		{F8DB21AE-BCE0-4EA4-9BC5-E29FF66C2EF6}.Release|Any CPU.Build.0 = Release|Any CPU
	EndGlobalSection
	GlobalSection(SolutionProperties) = preSolution
		HideSolutionNode = FALSE
	EndGlobalSection
	GlobalSection(ExtensibilityGlobals) = postSolution
		SolutionGuid = {5E7F3B0B-E094-4B9A-86A9-390B2C080CAF}
	EndGlobalSection
EndGlobal
